// !$*UTF8*$!
{
	archiveVersion = 1;
	classes = {
	};
	objectVersion = 46;
	objects = {

/* Begin PBXBuildFile section */
		C95A9A291CD6D1D2007CA4A8 /* AppDelegate.swift in Sources */ = {isa = PBXBuildFile; fileRef = C95A9A281CD6D1D2007CA4A8 /* AppDelegate.swift */; };
		C95A9A2B1CD6D1D2007CA4A8 /* ViewController.swift in Sources */ = {isa = PBXBuildFile; fileRef = C95A9A2A1CD6D1D2007CA4A8 /* ViewController.swift */; };
		C95A9A2E1CD6D1D2007CA4A8 /* Main.storyboard in Resources */ = {isa = PBXBuildFile; fileRef = C95A9A2C1CD6D1D2007CA4A8 /* Main.storyboard */; };
		C95A9A301CD6D1D2007CA4A8 /* Assets.xcassets in Resources */ = {isa = PBXBuildFile; fileRef = C95A9A2F1CD6D1D2007CA4A8 /* Assets.xcassets */; };
		C95A9A331CD6D1D2007CA4A8 /* LaunchScreen.storyboard in Resources */ = {isa = PBXBuildFile; fileRef = C95A9A311CD6D1D2007CA4A8 /* LaunchScreen.storyboard */; };
		C95A9A3E1CD6D1D2007CA4A8 /* tippyTests.swift in Sources */ = {isa = PBXBuildFile; fileRef = C95A9A3D1CD6D1D2007CA4A8 /* tippyTests.swift */; };
		C95A9A491CD6D1D2007CA4A8 /* tippyUITests.swift in Sources */ = {isa = PBXBuildFile; fileRef = C95A9A481CD6D1D2007CA4A8 /* tippyUITests.swift */; };
/* End PBXBuildFile section */

/* Begin PBXContainerItemProxy section */
		C95A9A3A1CD6D1D2007CA4A8 /* PBXContainerItemProxy */ = {
			isa = PBXContainerItemProxy;
			containerPortal = C95A9A1D1CD6D1D2007CA4A8 /* Project object */;
			proxyType = 1;
			remoteGlobalIDString = C95A9A241CD6D1D2007CA4A8;
			remoteInfo = tippy;
		};
		C95A9A451CD6D1D2007CA4A8 /* PBXContainerItemProxy */ = {
			isa = PBXContainerItemProxy;
			containerPortal = C95A9A1D1CD6D1D2007CA4A8 /* Project object */;
			proxyType = 1;
			remoteGlobalIDString = C95A9A241CD6D1D2007CA4A8;
			remoteInfo = tippy;
		};
/* End PBXContainerItemProxy section */

/* Begin PBXFileReference section */
		C95A9A251CD6D1D2007CA4A8 /* tippy.app */ = {isa = PBXFileReference; explicitFileType = wrapper.application; includeInIndex = 0; path = tippy.app; sourceTree = BUILT_PRODUCTS_DIR; };
		C95A9A281CD6D1D2007CA4A8 /* AppDelegate.swift */ = {isa = PBXFileReference; lastKnownFileType = sourcecode.swift; path = AppDelegate.swift; sourceTree = "<group>"; };
		C95A9A2A1CD6D1D2007CA4A8 /* ViewController.swift */ = {isa = PBXFileReference; lastKnownFileType = sourcecode.swift; path = ViewController.swift; sourceTree = "<group>"; };
		C95A9A2D1CD6D1D2007CA4A8 /* Base */ = {isa = PBXFileReference; lastKnownFileType = file.storyboard; name = Base; path = Base.lproj/Main.storyboard; sourceTree = "<group>"; };
		C95A9A2F1CD6D1D2007CA4A8 /* Assets.xcassets */ = {isa = PBXFileReference; lastKnownFileType = folder.assetcatalog; path = Assets.xcassets; sourceTree = "<group>"; };
		C95A9A321CD6D1D2007CA4A8 /* Base */ = {isa = PBXFileReference; lastKnownFileType = file.storyboard; name = Base; path = Base.lproj/LaunchScreen.storyboard; sourceTree = "<group>"; };
		C95A9A341CD6D1D2007CA4A8 /* Info.plist */ = {isa = PBXFileReference; lastKnownFileType = text.plist.xml; path = Info.plist; sourceTree = "<group>"; };
		C95A9A391CD6D1D2007CA4A8 /* tippyTests.xctest */ = {isa = PBXFileReference; explicitFileType = wrapper.cfbundle; includeInIndex = 0; path = tippyTests.xctest; sourceTree = BUILT_PRODUCTS_DIR; };
		C95A9A3D1CD6D1D2007CA4A8 /* tippyTests.swift */ = {isa = PBXFileReference; lastKnownFileType = sourcecode.swift; path = tippyTests.swift; sourceTree = "<group>"; };
		C95A9A3F1CD6D1D2007CA4A8 /* Info.plist */ = {isa = PBXFileReference; lastKnownFileType = text.plist.xml; path = Info.plist; sourceTree = "<group>"; };
		C95A9A441CD6D1D2007CA4A8 /* tippyUITests.xctest */ = {isa = PBXFileReference; explicitFileType = wrapper.cfbundle; includeInIndex = 0; path = tippyUITests.xctest; sourceTree = BUILT_PRODUCTS_DIR; };
		C95A9A481CD6D1D2007CA4A8 /* tippyUITests.swift */ = {isa = PBXFileReference; lastKnownFileType = sourcecode.swift; path = tippyUITests.swift; sourceTree = "<group>"; };
		C95A9A4A1CD6D1D2007CA4A8 /* Info.plist */ = {isa = PBXFileReference; lastKnownFileType = text.plist.xml; path = Info.plist; sourceTree = "<group>"; };
/* End PBXFileReference section */

/* Begin PBXFrameworksBuildPhase section */
		C95A9A221CD6D1D2007CA4A8 /* Frameworks */ = {
			isa = PBXFrameworksBuildPhase;
			buildActionMask = 2147483647;
			files = (
			);
			runOnlyForDeploymentPostprocessing = 0;
		};
		C95A9A361CD6D1D2007CA4A8 /* Frameworks */ = {
			isa = PBXFrameworksBuildPhase;
			buildActionMask = 2147483647;
			files = (
			);
			runOnlyForDeploymentPostprocessing = 0;
		};
		C95A9A411CD6D1D2007CA4A8 /* Frameworks */ = {
			isa = PBXFrameworksBuildPhase;
			buildActionMask = 2147483647;
			files = (
			);
			runOnlyForDeploymentPostprocessing = 0;
		};
/* End PBXFrameworksBuildPhase section */

/* Begin PBXGroup section */
		C95A9A1C1CD6D1D2007CA4A8 = {
			isa = PBXGroup;
			children = (
				C95A9A271CD6D1D2007CA4A8 /* tippy */,
				C95A9A3C1CD6D1D2007CA4A8 /* tippyTests */,
				C95A9A471CD6D1D2007CA4A8 /* tippyUITests */,
				C95A9A261CD6D1D2007CA4A8 /* Products */,
			);
			sourceTree = "<group>";
		};
		C95A9A261CD6D1D2007CA4A8 /* Products */ = {
			isa = PBXGroup;
			children = (
				C95A9A251CD6D1D2007CA4A8 /* tippy.app */,
				C95A9A391CD6D1D2007CA4A8 /* tippyTests.xctest */,
				C95A9A441CD6D1D2007CA4A8 /* tippyUITests.xctest */,
			);
			name = Products;
			sourceTree = "<group>";
		};
		C95A9A271CD6D1D2007CA4A8 /* tippy */ = {
			isa = PBXGroup;
			children = (
				C95A9A281CD6D1D2007CA4A8 /* AppDelegate.swift */,
				C95A9A2A1CD6D1D2007CA4A8 /* ViewController.swift */,
				C95A9A2C1CD6D1D2007CA4A8 /* Main.storyboard */,
				C95A9A2F1CD6D1D2007CA4A8 /* Assets.xcassets */,
				C95A9A311CD6D1D2007CA4A8 /* LaunchScreen.storyboard */,
				C95A9A341CD6D1D2007CA4A8 /* Info.plist */,
			);
			path = tippy;
			sourceTree = "<group>";
		};
		C95A9A3C1CD6D1D2007CA4A8 /* tippyTests */ = {
			isa = PBXGroup;
			children = (
				C95A9A3D1CD6D1D2007CA4A8 /* tippyTests.swift */,
				C95A9A3F1CD6D1D2007CA4A8 /* Info.plist */,
			);
			path = tippyTests;
			sourceTree = "<group>";
		};
		C95A9A471CD6D1D2007CA4A8 /* tippyUITests */ = {
			isa = PBXGroup;
			children = (
				C95A9A481CD6D1D2007CA4A8 /* tippyUITests.swift */,
				C95A9A4A1CD6D1D2007CA4A8 /* Info.plist */,
			);
			path = tippyUITests;
			sourceTree = "<group>";
		};
/* End PBXGroup section */

/* Begin PBXNativeTarget section */
		C95A9A241CD6D1D2007CA4A8 /* tippy */ = {
			isa = PBXNativeTarget;
			buildConfigurationList = C95A9A4D1CD6D1D2007CA4A8 /* Build configuration list for PBXNativeTarget "tippy" */;
			buildPhases = (
				C95A9A211CD6D1D2007CA4A8 /* Sources */,
				C95A9A221CD6D1D2007CA4A8 /* Frameworks */,
				C95A9A231CD6D1D2007CA4A8 /* Resources */,
			);
			buildRules = (
			);
			dependencies = (
			);
			name = tippy;
			productName = tippy;
			productReference = C95A9A251CD6D1D2007CA4A8 /* tippy.app */;
			productType = "com.apple.product-type.application";
		};
		C95A9A381CD6D1D2007CA4A8 /* tippyTests */ = {
			isa = PBXNativeTarget;
			buildConfigurationList = C95A9A501CD6D1D2007CA4A8 /* Build configuration list for PBXNativeTarget "tippyTests" */;
			buildPhases = (
				C95A9A351CD6D1D2007CA4A8 /* Sources */,
				C95A9A361CD6D1D2007CA4A8 /* Frameworks */,
				C95A9A371CD6D1D2007CA4A8 /* Resources */,
			);
			buildRules = (
			);
			dependencies = (
				C95A9A3B1CD6D1D2007CA4A8 /* PBXTargetDependency */,
			);
			name = tippyTests;
			productName = tippyTests;
			productReference = C95A9A391CD6D1D2007CA4A8 /* tippyTests.xctest */;
			productType = "com.apple.product-type.bundle.unit-test";
		};
		C95A9A431CD6D1D2007CA4A8 /* tippyUITests */ = {
			isa = PBXNativeTarget;
			buildConfigurationList = C95A9A531CD6D1D2007CA4A8 /* Build configuration list for PBXNativeTarget "tippyUITests" */;
			buildPhases = (
				C95A9A401CD6D1D2007CA4A8 /* Sources */,
				C95A9A411CD6D1D2007CA4A8 /* Frameworks */,
				C95A9A421CD6D1D2007CA4A8 /* Resources */,
			);
			buildRules = (
			);
			dependencies = (
				C95A9A461CD6D1D2007CA4A8 /* PBXTargetDependency */,
			);
			name = tippyUITests;
			productName = tippyUITests;
			productReference = C95A9A441CD6D1D2007CA4A8 /* tippyUITests.xctest */;
			productType = "com.apple.product-type.bundle.ui-testing";
		};
/* End PBXNativeTarget section */

/* Begin PBXProject section */
		C95A9A1D1CD6D1D2007CA4A8 /* Project object */ = {
			isa = PBXProject;
			attributes = {
				LastSwiftUpdateCheck = 0730;
				LastUpgradeCheck = 0730;
				ORGANIZATIONNAME = "Omar Siddiqui";
				TargetAttributes = {
					C95A9A241CD6D1D2007CA4A8 = {
						CreatedOnToolsVersion = 7.3;
					};
					C95A9A381CD6D1D2007CA4A8 = {
						CreatedOnToolsVersion = 7.3;
						TestTargetID = C95A9A241CD6D1D2007CA4A8;
					};
					C95A9A431CD6D1D2007CA4A8 = {
						CreatedOnToolsVersion = 7.3;
						TestTargetID = C95A9A241CD6D1D2007CA4A8;
					};
				};
			};
			buildConfigurationList = C95A9A201CD6D1D2007CA4A8 /* Build configuration list for PBXProject "tippy" */;
			compatibilityVersion = "Xcode 3.2";
			developmentRegion = English;
			hasScannedForEncodings = 0;
			knownRegions = (
				en,
				Base,
			);
			mainGroup = C95A9A1C1CD6D1D2007CA4A8;
			productRefGroup = C95A9A261CD6D1D2007CA4A8 /* Products */;
			projectDirPath = "";
			projectRoot = "";
			targets = (
				C95A9A241CD6D1D2007CA4A8 /* tippy */,
				C95A9A381CD6D1D2007CA4A8 /* tippyTests */,
				C95A9A431CD6D1D2007CA4A8 /* tippyUITests */,
			);
		};
/* End PBXProject section */

/* Begin PBXResourcesBuildPhase section */
		C95A9A231CD6D1D2007CA4A8 /* Resources */ = {
			isa = PBXResourcesBuildPhase;
			buildActionMask = 2147483647;
			files = (
				C95A9A331CD6D1D2007CA4A8 /* LaunchScreen.storyboard in Resources */,
				C95A9A301CD6D1D2007CA4A8 /* Assets.xcassets in Resources */,
				C95A9A2E1CD6D1D2007CA4A8 /* Main.storyboard in Resources */,
			);
			runOnlyForDeploymentPostprocessing = 0;
		};
		C95A9A371CD6D1D2007CA4A8 /* Resources */ = {
			isa = PBXResourcesBuildPhase;
			buildActionMask = 2147483647;
			files = (
			);
			runOnlyForDeploymentPostprocessing = 0;
		};
		C95A9A421CD6D1D2007CA4A8 /* Resources */ = {
			isa = PBXResourcesBuildPhase;
			buildActionMask = 2147483647;
			files = (
			);
			runOnlyForDeploymentPostprocessing = 0;
		};
/* End PBXResourcesBuildPhase section */

/* Begin PBXSourcesBuildPhase section */
		C95A9A211CD6D1D2007CA4A8 /* Sources */ = {
			isa = PBXSourcesBuildPhase;
			buildActionMask = 2147483647;
			files = (
				C95A9A2B1CD6D1D2007CA4A8 /* ViewController.swift in Sources */,
				C95A9A291CD6D1D2007CA4A8 /* AppDelegate.swift in Sources */,
			);
			runOnlyForDeploymentPostprocessing = 0;
		};
		C95A9A351CD6D1D2007CA4A8 /* Sources */ = {
			isa = PBXSourcesBuildPhase;
			buildActionMask = 2147483647;
			files = (
				C95A9A3E1CD6D1D2007CA4A8 /* tippyTests.swift in Sources */,
			);
			runOnlyForDeploymentPostprocessing = 0;
		};
		C95A9A401CD6D1D2007CA4A8 /* Sources */ = {
			isa = PBXSourcesBuildPhase;
			buildActionMask = 2147483647;
			files = (
				C95A9A491CD6D1D2007CA4A8 /* tippyUITests.swift in Sources */,
			);
			runOnlyForDeploymentPostprocessing = 0;
		};
/* End PBXSourcesBuildPhase section */

/* Begin PBXTargetDependency section */
		C95A9A3B1CD6D1D2007CA4A8 /* PBXTargetDependency */ = {
			isa = PBXTargetDependency;
			target = C95A9A241CD6D1D2007CA4A8 /* tippy */;
			targetProxy = C95A9A3A1CD6D1D2007CA4A8 /* PBXContainerItemProxy */;
		};
		C95A9A461CD6D1D2007CA4A8 /* PBXTargetDependency */ = {
			isa = PBXTargetDependency;
			target = C95A9A241CD6D1D2007CA4A8 /* tippy */;
			targetProxy = C95A9A451CD6D1D2007CA4A8 /* PBXContainerItemProxy */;
		};
/* End PBXTargetDependency section */

/* Begin PBXVariantGroup section */
		C95A9A2C1CD6D1D2007CA4A8 /* Main.storyboard */ = {
			isa = PBXVariantGroup;
			children = (
				C95A9A2D1CD6D1D2007CA4A8 /* Base */,
			);
			name = Main.storyboard;
			sourceTree = "<group>";
		};
		C95A9A311CD6D1D2007CA4A8 /* LaunchScreen.storyboard */ = {
			isa = PBXVariantGroup;
			children = (
				C95A9A321CD6D1D2007CA4A8 /* Base */,
			);
			name = LaunchScreen.storyboard;
			sourceTree = "<group>";
		};
/* End PBXVariantGroup section */

/* Begin XCBuildConfiguration section */
		C95A9A4B1CD6D1D2007CA4A8 /* Debug */ = {
			isa = XCBuildConfiguration;
			buildSettings = {
				ALWAYS_SEARCH_USER_PATHS = NO;
				CLANG_ANALYZER_NONNULL = YES;
				CLANG_CXX_LANGUAGE_STANDARD = "gnu++0x";
				CLANG_CXX_LIBRARY = "libc++";
				CLANG_ENABLE_MODULES = YES;
				CLANG_ENABLE_OBJC_ARC = YES;
				CLANG_WARN_BOOL_CONVERSION = YES;
				CLANG_WARN_CONSTANT_CONVERSION = YES;
				CLANG_WARN_DIRECT_OBJC_ISA_USAGE = YES_ERROR;
				CLANG_WARN_EMPTY_BODY = YES;
				CLANG_WARN_ENUM_CONVERSION = YES;
				CLANG_WARN_INT_CONVERSION = YES;
				CLANG_WARN_OBJC_ROOT_CLASS = YES_ERROR;
				CLANG_WARN_UNREACHABLE_CODE = YES;
				CLANG_WARN__DUPLICATE_METHOD_MATCH = YES;
				"CODE_SIGN_IDENTITY[sdk=iphoneos*]" = "iPhone Developer";
				COPY_PHASE_STRIP = NO;
				DEBUG_INFORMATION_FORMAT = dwarf;
				ENABLE_STRICT_OBJC_MSGSEND = YES;
				ENABLE_TESTABILITY = YES;
				GCC_C_LANGUAGE_STANDARD = gnu99;
				GCC_DYNAMIC_NO_PIC = NO;
				GCC_NO_COMMON_BLOCKS = YES;
				GCC_OPTIMIZATION_LEVEL = 0;
				GCC_PREPROCESSOR_DEFINITIONS = (
					"DEBUG=1",
					"$(inherited)",
				);
				GCC_WARN_64_TO_32_BIT_CONVERSION = YES;
				GCC_WARN_ABOUT_RETURN_TYPE = YES_ERROR;
				GCC_WARN_UNDECLARED_SELECTOR = YES;
				GCC_WARN_UNINITIALIZED_AUTOS = YES_AGGRESSIVE;
				GCC_WARN_UNUSED_FUNCTION = YES;
				GCC_WARN_UNUSED_VARIABLE = YES;
				IPHONEOS_DEPLOYMENT_TARGET = 9.3;
				MTL_ENABLE_DEBUG_INFO = YES;
				ONLY_ACTIVE_ARCH = YES;
				SDKROOT = iphoneos;
				SWIFT_OPTIMIZATION_LEVEL = "-Onone";
			};
			name = Debug;
		};
		C95A9A4C1CD6D1D2007CA4A8 /* Release */ = {
			isa = XCBuildConfiguration;
			buildSettings = {
				ALWAYS_SEARCH_USER_PATHS = NO;
				CLANG_ANALYZER_NONNULL = YES;
				CLANG_CXX_LANGUAGE_STANDARD = "gnu++0x";
				CLANG_CXX_LIBRARY = "libc++";
				CLANG_ENABLE_MODULES = YES;
				CLANG_ENABLE_OBJC_ARC = YES;
				CLANG_WARN_BOOL_CONVERSION = YES;
				CLANG_WARN_CONSTANT_CONVERSION = YES;
				CLANG_WARN_DIRECT_OBJC_ISA_USAGE = YES_ERROR;
				CLANG_WARN_EMPTY_BODY = YES;
				CLANG_WARN_ENUM_CONVERSION = YES;
				CLANG_WARN_INT_CONVERSION = YES;
				CLANG_WARN_OBJC_ROOT_CLASS = YES_ERROR;
				CLANG_WARN_UNREACHABLE_CODE = YES;
				CLANG_WARN__DUPLICATE_METHOD_MATCH = YES;
				"CODE_SIGN_IDENTITY[sdk=iphoneos*]" = "iPhone Developer";
				COPY_PHASE_STRIP = NO;
				DEBUG_INFORMATION_FORMAT = "dwarf-with-dsym";
				ENABLE_NS_ASSERTIONS = NO;
				ENABLE_STRICT_OBJC_MSGSEND = YES;
				GCC_C_LANGUAGE_STANDARD = gnu99;
				GCC_NO_COMMON_BLOCKS = YES;
				GCC_WARN_64_TO_32_BIT_CONVERSION = YES;
				GCC_WARN_ABOUT_RETURN_TYPE = YES_ERROR;
				GCC_WARN_UNDECLARED_SELECTOR = YES;
				GCC_WARN_UNINITIALIZED_AUTOS = YES_AGGRESSIVE;
				GCC_WARN_UNUSED_FUNCTION = YES;
				GCC_WARN_UNUSED_VARIABLE = YES;
				IPHONEOS_DEPLOYMENT_TARGET = 9.3;
				MTL_ENABLE_DEBUG_INFO = NO;
				SDKROOT = iphoneos;
				VALIDATE_PRODUCT = YES;
			};
			name = Release;
		};
		C95A9A4E1CD6D1D2007CA4A8 /* Debug */ = {
			isa = XCBuildConfiguration;
			buildSettings = {
				ASSETCATALOG_COMPILER_APPICON_NAME = AppIcon;
				INFOPLIST_FILE = tippy/Info.plist;
				LD_RUNPATH_SEARCH_PATHS = "$(inherited) @executable_path/Frameworks";
				PRODUCT_BUNDLE_IDENTIFIER = com.omar.tippy;
				PRODUCT_NAME = "$(TARGET_NAME)";
			};
			name = Debug;
		};
		C95A9A4F1CD6D1D2007CA4A8 /* Release */ = {
			isa = XCBuildConfiguration;
			buildSettings = {
				ASSETCATALOG_COMPILER_APPICON_NAME = AppIcon;
				INFOPLIST_FILE = tippy/Info.plist;
				LD_RUNPATH_SEARCH_PATHS = "$(inherited) @executable_path/Frameworks";
				PRODUCT_BUNDLE_IDENTIFIER = com.omar.tippy;
				PRODUCT_NAME = "$(TARGET_NAME)";
			};
			name = Release;
		};
		C95A9A511CD6D1D2007CA4A8 /* Debug */ = {
			isa = XCBuildConfiguration;
			buildSettings = {
				BUNDLE_LOADER = "$(TEST_HOST)";
				INFOPLIST_FILE = tippyTests/Info.plist;
				LD_RUNPATH_SEARCH_PATHS = "$(inherited) @executable_path/Frameworks @loader_path/Frameworks";
				PRODUCT_BUNDLE_IDENTIFIER = com.omar.tippyTests;
				PRODUCT_NAME = "$(TARGET_NAME)";
				TEST_HOST = "$(BUILT_PRODUCTS_DIR)/tippy.app/tippy";
			};
			name = Debug;
		};
		C95A9A521CD6D1D2007CA4A8 /* Release */ = {
			isa = XCBuildConfiguration;
			buildSettings = {
				BUNDLE_LOADER = "$(TEST_HOST)";
				INFOPLIST_FILE = tippyTests/Info.plist;
				LD_RUNPATH_SEARCH_PATHS = "$(inherited) @executable_path/Frameworks @loader_path/Frameworks";
				PRODUCT_BUNDLE_IDENTIFIER = com.omar.tippyTests;
				PRODUCT_NAME = "$(TARGET_NAME)";
				TEST_HOST = "$(BUILT_PRODUCTS_DIR)/tippy.app/tippy";
			};
			name = Release;
		};
		C95A9A541CD6D1D2007CA4A8 /* Debug */ = {
			isa = XCBuildConfiguration;
			buildSettings = {
				INFOPLIST_FILE = tippyUITests/Info.plist;
				LD_RUNPATH_SEARCH_PATHS = "$(inherited) @executable_path/Frameworks @loader_path/Frameworks";
				PRODUCT_BUNDLE_IDENTIFIER = com.omar.tippyUITests;
				PRODUCT_NAME = "$(TARGET_NAME)";
				TEST_TARGET_NAME = tippy;
			};
			name = Debug;
		};
		C95A9A551CD6D1D2007CA4A8 /* Release */ = {
			isa = XCBuildConfiguration;
			buildSettings = {
				INFOPLIST_FILE = tippyUITests/Info.plist;
				LD_RUNPATH_SEARCH_PATHS = "$(inherited) @executable_path/Frameworks @loader_path/Frameworks";
				PRODUCT_BUNDLE_IDENTIFIER = com.omar.tippyUITests;
				PRODUCT_NAME = "$(TARGET_NAME)";
				TEST_TARGET_NAME = tippy;
			};
			name = Release;
		};
/* End XCBuildConfiguration section */

/* Begin XCConfigurationList section */
		C95A9A201CD6D1D2007CA4A8 /* Build configuration list for PBXProject "tippy" */ = {
			isa = XCConfigurationList;
			buildConfigurations = (
				C95A9A4B1CD6D1D2007CA4A8 /* Debug */,
				C95A9A4C1CD6D1D2007CA4A8 /* Release */,
			);
			defaultConfigurationIsVisible = 0;
			defaultConfigurationName = Release;
		};
		C95A9A4D1CD6D1D2007CA4A8 /* Build configuration list for PBXNativeTarget "tippy" */ = {
			isa = XCConfigurationList;
			buildConfigurations = (
				C95A9A4E1CD6D1D2007CA4A8 /* Debug */,
				C95A9A4F1CD6D1D2007CA4A8 /* Release */,
			);
			defaultConfigurationIsVisible = 0;
		};
		C95A9A501CD6D1D2007CA4A8 /* Build configuration list for PBXNativeTarget "tippyTests" */ = {
			isa = XCConfigurationList;
			buildConfigurations = (
				C95A9A511CD6D1D2007CA4A8 /* Debug */,
				C95A9A521CD6D1D2007CA4A8 /* Release */,
			);
			defaultConfigurationIsVisible = 0;
		};
		C95A9A531CD6D1D2007CA4A8 /* Build configuration list for PBXNativeTarget "tippyUITests" */ = {
			isa = XCConfigurationList;
			buildConfigurations = (
				C95A9A541CD6D1D2007CA4A8 /* Debug */,
				C95A9A551CD6D1D2007CA4A8 /* Release */,
			);
			defaultConfigurationIsVisible = 0;
		};
/* End XCConfigurationList section */
	};
	rootObject = C95A9A1D1CD6D1D2007CA4A8 /* Project object */;
}
